// !$*UTF8*$!
{
	archiveVersion = 1;
	classes = {
	};
	objectVersion = 46;
	objects = {

/* Begin PBXBuildFile section */
		8A5F82EB2039AB3A00B0106D /* AppDelegate.swift in Sources */ = {isa = PBXBuildFile; fileRef = 8A5F82EA2039AB3A00B0106D /* AppDelegate.swift */; };
		8A5F82ED2039AB3A00B0106D /* ViewController.swift in Sources */ = {isa = PBXBuildFile; fileRef = 8A5F82EC2039AB3A00B0106D /* ViewController.swift */; };
		8A5F82F02039AB3A00B0106D /* Main.storyboard in Resources */ = {isa = PBXBuildFile; fileRef = 8A5F82EE2039AB3A00B0106D /* Main.storyboard */; };
		8A5F82F22039AB3A00B0106D /* Assets.xcassets in Resources */ = {isa = PBXBuildFile; fileRef = 8A5F82F12039AB3A00B0106D /* Assets.xcassets */; };
		8A5F82F52039AB3A00B0106D /* LaunchScreen.storyboard in Resources */ = {isa = PBXBuildFile; fileRef = 8A5F82F32039AB3A00B0106D /* LaunchScreen.storyboard */; };
		8A5F82FD2039AC2B00B0106D /* ADWaterfallLayout.swift in Sources */ = {isa = PBXBuildFile; fileRef = 8A5F82FC2039AC2B00B0106D /* ADWaterfallLayout.swift */; };
/* End PBXBuildFile section */

/* Begin PBXFileReference section */
		8A5F82E72039AB3A00B0106D /* 瀑布流WaterfallLayout.app */ = {isa = PBXFileReference; explicitFileType = wrapper.application; includeInIndex = 0; path = "瀑布流WaterfallLayout.app"; sourceTree = BUILT_PRODUCTS_DIR; };
		8A5F82EA2039AB3A00B0106D /* AppDelegate.swift */ = {isa = PBXFileReference; lastKnownFileType = sourcecode.swift; path = AppDelegate.swift; sourceTree = "<group>"; };
		8A5F82EC2039AB3A00B0106D /* ViewController.swift */ = {isa = PBXFileReference; lastKnownFileType = sourcecode.swift; path = ViewController.swift; sourceTree = "<group>"; };
		8A5F82EF2039AB3A00B0106D /* Base */ = {isa = PBXFileReference; lastKnownFileType = file.storyboard; name = Base; path = Base.lproj/Main.storyboard; sourceTree = "<group>"; };
		8A5F82F12039AB3A00B0106D /* Assets.xcassets */ = {isa = PBXFileReference; lastKnownFileType = folder.assetcatalog; path = Assets.xcassets; sourceTree = "<group>"; };
		8A5F82F42039AB3A00B0106D /* Base */ = {isa = PBXFileReference; lastKnownFileType = file.storyboard; name = Base; path = Base.lproj/LaunchScreen.storyboard; sourceTree = "<group>"; };
		8A5F82F62039AB3A00B0106D /* Info.plist */ = {isa = PBXFileReference; lastKnownFileType = text.plist.xml; path = Info.plist; sourceTree = "<group>"; };
		8A5F82FC2039AC2B00B0106D /* ADWaterfallLayout.swift */ = {isa = PBXFileReference; fileEncoding = 4; lastKnownFileType = sourcecode.swift; path = ADWaterfallLayout.swift; sourceTree = "<group>"; };
/* End PBXFileReference section */

/* Begin PBXFrameworksBuildPhase section */
		8A5F82E42039AB3A00B0106D /* Frameworks */ = {
			isa = PBXFrameworksBuildPhase;
			buildActionMask = 2147483647;
			files = (
			);
			runOnlyForDeploymentPostprocessing = 0;
		};
/* End PBXFrameworksBuildPhase section */

/* Begin PBXGroup section */
		8A5F82DE2039AB3A00B0106D = {
			isa = PBXGroup;
			children = (
				8A5F82E92039AB3A00B0106D /* 瀑布流WaterfallLayout */,
				8A5F82E82039AB3A00B0106D /* Products */,
			);
			sourceTree = "<group>";
		};
		8A5F82E82039AB3A00B0106D /* Products */ = {
			isa = PBXGroup;
			children = (
				8A5F82E72039AB3A00B0106D /* 瀑布流WaterfallLayout.app */,
			);
			name = Products;
			sourceTree = "<group>";
		};
		8A5F82E92039AB3A00B0106D /* 瀑布流WaterfallLayout */ = {
			isa = PBXGroup;
			children = (
				8A5F82FC2039AC2B00B0106D /* ADWaterfallLayout.swift */,
				8A5F82EC2039AB3A00B0106D /* ViewController.swift */,
				8A5F82EE2039AB3A00B0106D /* Main.storyboard */,
				8A5F82F12039AB3A00B0106D /* Assets.xcassets */,
				8A5F82F32039AB3A00B0106D /* LaunchScreen.storyboard */,
				8A5F82F62039AB3A00B0106D /* Info.plist */,
				8A5F82EA2039AB3A00B0106D /* AppDelegate.swift */,
			);
			path = "瀑布流WaterfallLayout";
			sourceTree = "<group>";
		};
/* End PBXGroup section */

/* Begin PBXNativeTarget section */
		8A5F82E62039AB3A00B0106D /* 瀑布流WaterfallLayout */ = {
			isa = PBXNativeTarget;
			buildConfigurationList = 8A5F82F92039AB3A00B0106D /* Build configuration list for PBXNativeTarget "瀑布流WaterfallLayout" */;
			buildPhases = (
				8A5F82E32039AB3A00B0106D /* Sources */,
				8A5F82E42039AB3A00B0106D /* Frameworks */,
				8A5F82E52039AB3A00B0106D /* Resources */,
			);
			buildRules = (
			);
			dependencies = (
			);
			name = "瀑布流WaterfallLayout";
			productName = "瀑布流WaterfallLayout";
			productReference = 8A5F82E72039AB3A00B0106D /* 瀑布流WaterfallLayout.app */;
			productType = "com.apple.product-type.application";
		};
/* End PBXNativeTarget section */

/* Begin PBXProject section */
		8A5F82DF2039AB3A00B0106D /* Project object */ = {
			isa = PBXProject;
			attributes = {
				CLASSPREFIX = AD;
				LastSwiftUpdateCheck = 0820;
				LastUpgradeCheck = 0820;
				ORGANIZATIONNAME = "Yue Zhou";
				TargetAttributes = {
					8A5F82E62039AB3A00B0106D = {
						CreatedOnToolsVersion = 8.2.1;
						ProvisioningStyle = Automatic;
					};
				};
			};
			buildConfigurationList = 8A5F82E22039AB3A00B0106D /* Build configuration list for PBXProject "瀑布流WaterfallLayout" */;
			compatibilityVersion = "Xcode 3.2";
			developmentRegion = English;
			hasScannedForEncodings = 0;
			knownRegions = (
				en,
				Base,
			);
			mainGroup = 8A5F82DE2039AB3A00B0106D;
			productRefGroup = 8A5F82E82039AB3A00B0106D /* Products */;
			projectDirPath = "";
			projectRoot = "";
			targets = (
				8A5F82E62039AB3A00B0106D /* 瀑布流WaterfallLayout */,
			);
		};
/* End PBXProject section */

/* Begin PBXResourcesBuildPhase section */
		8A5F82E52039AB3A00B0106D /* Resources */ = {
			isa = PBXResourcesBuildPhase;
			buildActionMask = 2147483647;
			files = (
				8A5F82F52039AB3A00B0106D /* LaunchScreen.storyboard in Resources */,
				8A5F82F22039AB3A00B0106D /* Assets.xcassets in Resources */,
				8A5F82F02039AB3A00B0106D /* Main.storyboard in Resources */,
			);
			runOnlyForDeploymentPostprocessing = 0;
		};
/* End PBXResourcesBuildPhase section */

/* Begin PBXSourcesBuildPhase section */
		8A5F82E32039AB3A00B0106D /* Sources */ = {
			isa = PBXSourcesBuildPhase;
			buildActionMask = 2147483647;
			files = (
				8A5F82ED2039AB3A00B0106D /* ViewController.swift in Sources */,
				8A5F82FD2039AC2B00B0106D /* ADWaterfallLayout.swift in Sources */,
				8A5F82EB2039AB3A00B0106D /* AppDelegate.swift in Sources */,
			);
			runOnlyForDeploymentPostprocessing = 0;
		};
/* End PBXSourcesBuildPhase section */

/* Begin PBXVariantGroup section */
		8A5F82EE2039AB3A00B0106D /* Main.storyboard */ = {
			isa = PBXVariantGroup;
			children = (
				8A5F82EF2039AB3A00B0106D /* Base */,
			);
			name = Main.storyboard;
			sourceTree = "<group>";
		};
		8A5F82F32039AB3A00B0106D /* LaunchScreen.storyboard */ = {
			isa = PBXVariantGroup;
			children = (
				8A5F82F42039AB3A00B0106D /* Base */,
			);
			name = LaunchScreen.storyboard;
			sourceTree = "<group>";
		};
/* End PBXVariantGroup section */

/* Begin XCBuildConfiguration section */
		8A5F82F72039AB3A00B0106D /* Debug */ = {
			isa = XCBuildConfiguration;
			buildSettings = {
				ALWAYS_SEARCH_USER_PATHS = NO;
				CLANG_ANALYZER_NONNULL = YES;
				CLANG_CXX_LANGUAGE_STANDARD = "gnu++0x";
				CLANG_CXX_LIBRARY = "libc++";
				CLANG_ENABLE_MODULES = YES;
				CLANG_ENABLE_OBJC_ARC = YES;
				CLANG_WARN_BOOL_CONVERSION = YES;
				CLANG_WARN_CONSTANT_CONVERSION = YES;
				CLANG_WARN_DIRECT_OBJC_ISA_USAGE = YES_ERROR;
				CLANG_WARN_DOCUMENTATION_COMMENTS = YES;
				CLANG_WARN_EMPTY_BODY = YES;
				CLANG_WARN_ENUM_CONVERSION = YES;
				CLANG_WARN_INFINITE_RECURSION = YES;
				CLANG_WARN_INT_CONVERSION = YES;
				CLANG_WARN_OBJC_ROOT_CLASS = YES_ERROR;
				CLANG_WARN_SUSPICIOUS_MOVE = YES;
				CLANG_WARN_UNREACHABLE_CODE = YES;
				CLANG_WARN__DUPLICATE_METHOD_MATCH = YES;
				"CODE_SIGN_IDENTITY[sdk=iphoneos*]" = "iPhone Developer";
				COPY_PHASE_STRIP = NO;
				DEBUG_INFORMATION_FORMAT = dwarf;
				ENABLE_STRICT_OBJC_MSGSEND = YES;
				ENABLE_TESTABILITY = YES;
				GCC_C_LANGUAGE_STANDARD = gnu99;
				GCC_DYNAMIC_NO_PIC = NO;
				GCC_NO_COMMON_BLOCKS = YES;
				GCC_OPTIMIZATION_LEVEL = 0;
				GCC_PREPROCESSOR_DEFINITIONS = (
					"DEBUG=1",
					"$(inherited)",
				);
				GCC_WARN_64_TO_32_BIT_CONVERSION = YES;
				GCC_WARN_ABOUT_RETURN_TYPE = YES_ERROR;
				GCC_WARN_UNDECLARED_SELECTOR = YES;
				GCC_WARN_UNINITIALIZED_AUTOS = YES_AGGRESSIVE;
				GCC_WARN_UNUSED_FUNCTION = YES;
				GCC_WARN_UNUSED_VARIABLE = YES;
				IPHONEOS_DEPLOYMENT_TARGET = 10.2;
				MTL_ENABLE_DEBUG_INFO = YES;
				ONLY_ACTIVE_ARCH = YES;
				SDKROOT = iphoneos;
				SWIFT_ACTIVE_COMPILATION_CONDITIONS = DEBUG;
				SWIFT_OPTIMIZATION_LEVEL = "-Onone";
				TARGETED_DEVICE_FAMILY = "1,2";
			};
			name = Debug;
		};
		8A5F82F82039AB3A00B0106D /* Release */ = {
			isa = XCBuildConfiguration;
			buildSettings = {
				ALWAYS_SEARCH_USER_PATHS = NO;
				CLANG_ANALYZER_NONNULL = YES;
				CLANG_CXX_LANGUAGE_STANDARD = "gnu++0x";
				CLANG_CXX_LIBRARY = "libc++";
				CLANG_ENABLE_MODULES = YES;
				CLANG_ENABLE_OBJC_ARC = YES;
				CLANG_WARN_BOOL_CONVERSION = YES;
				CLANG_WARN_CONSTANT_CONVERSION = YES;
				CLANG_WARN_DIRECT_OBJC_ISA_USAGE = YES_ERROR;
				CLANG_WARN_DOCUMENTATION_COMMENTS = YES;
				CLANG_WARN_EMPTY_BODY = YES;
				CLANG_WARN_ENUM_CONVERSION = YES;
				CLANG_WARN_INFINITE_RECURSION = YES;
				CLANG_WARN_INT_CONVERSION = YES;
				CLANG_WARN_OBJC_ROOT_CLASS = YES_ERROR;
				CLANG_WARN_SUSPICIOUS_MOVE = YES;
				CLANG_WARN_UNREACHABLE_CODE = YES;
				CLANG_WARN__DUPLICATE_METHOD_MATCH = YES;
				"CODE_SIGN_IDENTITY[sdk=iphoneos*]" = "iPhone Developer";
				COPY_PHASE_STRIP = NO;
				DEBUG_INFORMATION_FORMAT = "dwarf-with-dsym";
				ENABLE_NS_ASSERTIONS = NO;
				ENABLE_STRICT_OBJC_MSGSEND = YES;
				GCC_C_LANGUAGE_STANDARD = gnu99;
				GCC_NO_COMMON_BLOCKS = YES;
				GCC_WARN_64_TO_32_BIT_CONVERSION = YES;
				GCC_WARN_ABOUT_RETURN_TYPE = YES_ERROR;
				GCC_WARN_UNDECLARED_SELECTOR = YES;
				GCC_WARN_UNINITIALIZED_AUTOS = YES_AGGRESSIVE;
				GCC_WARN_UNUSED_FUNCTION = YES;
				GCC_WARN_UNUSED_VARIABLE = YES;
				IPHONEOS_DEPLOYMENT_TARGET = 10.2;
				MTL_ENABLE_DEBUG_INFO = NO;
				SDKROOT = iphoneos;
				SWIFT_OPTIMIZATION_LEVEL = "-Owholemodule";
				TARGETED_DEVICE_FAMILY = "1,2";
				VALIDATE_PRODUCT = YES;
			};
			name = Release;
		};
		8A5F82FA2039AB3A00B0106D /* Debug */ = {
			isa = XCBuildConfiguration;
			buildSettings = {
				ASSETCATALOG_COMPILER_APPICON_NAME = AppIcon;
				INFOPLIST_FILE = "瀑布流WaterfallLayout/Info.plist";
				IPHONEOS_DEPLOYMENT_TARGET = 8.0;
				LD_RUNPATH_SEARCH_PATHS = "$(inherited) @executable_path/Frameworks";
				PRODUCT_BUNDLE_IDENTIFIER = "YZ.---WaterfallLayout";
				PRODUCT_NAME = "$(TARGET_NAME)";
				SWIFT_VERSION = 3.0;
			};
			name = Debug;
		};
		8A5F82FB2039AB3A00B0106D /* Release */ = {
			isa = XCBuildConfiguration;
			buildSettings = {
				ASSETCATALOG_COMPILER_APPICON_NAME = AppIcon;
				INFOPLIST_FILE = "瀑布流WaterfallLayout/Info.plist";
				IPHONEOS_DEPLOYMENT_TARGET = 8.0;
				LD_RUNPATH_SEARCH_PATHS = "$(inherited) @executable_path/Frameworks";
				PRODUCT_BUNDLE_IDENTIFIER = "YZ.---WaterfallLayout";
				PRODUCT_NAME = "$(TARGET_NAME)";
				SWIFT_VERSION = 3.0;
			};
			name = Release;
		};
/* End XCBuildConfiguration section */

/* Begin XCConfigurationList section */
		8A5F82E22039AB3A00B0106D /* Build configuration list for PBXProject "瀑布流WaterfallLayout" */ = {
			isa = XCConfigurationList;
			buildConfigurations = (
				8A5F82F72039AB3A00B0106D /* Debug */,
				8A5F82F82039AB3A00B0106D /* Release */,
			);
			defaultConfigurationIsVisible = 0;
			defaultConfigurationName = Release;
		};
		8A5F82F92039AB3A00B0106D /* Build configuration list for PBXNativeTarget "瀑布流WaterfallLayout" */ = {
			isa = XCConfigurationList;
			buildConfigurations = (
				8A5F82FA2039AB3A00B0106D /* Debug */,
				8A5F82FB2039AB3A00B0106D /* Release */,
			);
			defaultConfigurationIsVisible = 0;
		};
/* End XCConfigurationList section */
	};
	rootObject = 8A5F82DF2039AB3A00B0106D /* Project object */;
}
